// !$*UTF8*$!
{
	archiveVersion = 1;
	classes = {
	};
	objectVersion = 46;
	objects = {

/* Begin PBXBuildFile section */
		8C15BDD41BD06F8100C595BA /* Instance.swift in Sources */ = {isa = PBXBuildFile; fileRef = 8C15BDD31BD06F8100C595BA /* Instance.swift */; settings = {ASSET_TAGS = (); }; };
		8C15BDD61BD070E400C595BA /* InstanceTests.swift in Sources */ = {isa = PBXBuildFile; fileRef = 8C15BDD51BD070E400C595BA /* InstanceTests.swift */; settings = {ASSET_TAGS = (); }; };
		8C15BDD81BD0720600C595BA /* Classifier.swift in Sources */ = {isa = PBXBuildFile; fileRef = 8C15BDD71BD0720600C595BA /* Classifier.swift */; settings = {ASSET_TAGS = (); }; };
		8C15BDDA1BD074C100C595BA /* MajorityClassifierTests.swift in Sources */ = {isa = PBXBuildFile; fileRef = 8C15BDD91BD074C100C595BA /* MajorityClassifierTests.swift */; settings = {ASSET_TAGS = (); }; };
		8C15BDDC1BD074EF00C595BA /* ClassifierBaseTest.swift in Sources */ = {isa = PBXBuildFile; fileRef = 8C15BDDB1BD074EF00C595BA /* ClassifierBaseTest.swift */; settings = {ASSET_TAGS = (); }; };
		8C15BDDF1BD078CD00C595BA /* DataReader.swift in Sources */ = {isa = PBXBuildFile; fileRef = 8C15BDDE1BD078CD00C595BA /* DataReader.swift */; settings = {ASSET_TAGS = (); }; };
		8C15BDE31BD07C0700C595BA /* speech.train in Resources */ = {isa = PBXBuildFile; fileRef = 8C15BDE21BD07C0700C595BA /* speech.train */; settings = {ASSET_TAGS = (); }; };
		8C2BD21A1BCFEF94004E7302 /* MajorityClassifier.swift in Sources */ = {isa = PBXBuildFile; fileRef = 8C2BD2191BCFEF94004E7302 /* MajorityClassifier.swift */; settings = {ASSET_TAGS = (); }; };
		8C2BD21D1BCFF0F1004E7302 /* FeatureVector.swift in Sources */ = {isa = PBXBuildFile; fileRef = 8C2BD21C1BCFF0F1004E7302 /* FeatureVector.swift */; settings = {ASSET_TAGS = (); }; };
		8C2BD2211BCFF417004E7302 /* FeatureVectorTests.swift in Sources */ = {isa = PBXBuildFile; fileRef = 8C2BD2201BCFF417004E7302 /* FeatureVectorTests.swift */; settings = {ASSET_TAGS = (); }; };
		8C5A2EE81BD537FB00E5A74A /* FeatureMapTests.swift in Sources */ = {isa = PBXBuildFile; fileRef = 8C5A2EE71BD537FB00E5A74A /* FeatureMapTests.swift */; settings = {ASSET_TAGS = (); }; };
		8C8916C11BCFED4C00A77184 /* SwiftLearning.h in Headers */ = {isa = PBXBuildFile; fileRef = 8C8916C01BCFED4C00A77184 /* SwiftLearning.h */; settings = {ATTRIBUTES = (Public, ); }; };
		8C8916C81BCFED4D00A77184 /* SwiftLearning.framework in Frameworks */ = {isa = PBXBuildFile; fileRef = 8C8916BD1BCFED4C00A77184 /* SwiftLearning.framework */; settings = {ASSET_TAGS = (); }; };
		8C9841F51BD08B1E0051CBEB /* AccuracyEvaluator.swift in Sources */ = {isa = PBXBuildFile; fileRef = 8C9841F41BD08B1E0051CBEB /* AccuracyEvaluator.swift */; settings = {ASSET_TAGS = (); }; };
		8C9841F71BD08C8B0051CBEB /* speech.test in Resources */ = {isa = PBXBuildFile; fileRef = 8C9841F61BD08C8B0051CBEB /* speech.test */; settings = {ASSET_TAGS = (); }; };
		8C9841F91BD08EF40051CBEB /* EvenOddClassifier.swift in Sources */ = {isa = PBXBuildFile; fileRef = 8C9841F81BD08EF40051CBEB /* EvenOddClassifier.swift */; settings = {ASSET_TAGS = (); }; };
		8C9842021BD184980051CBEB /* LogisticRegressionClassifier.swift in Sources */ = {isa = PBXBuildFile; fileRef = 8C9842011BD184980051CBEB /* LogisticRegressionClassifier.swift */; settings = {ASSET_TAGS = (); }; };
		8C9842041BD184D60051CBEB /* FeatureMap.swift in Sources */ = {isa = PBXBuildFile; fileRef = 8C9842031BD184D60051CBEB /* FeatureMap.swift */; settings = {ASSET_TAGS = (); }; };
		8CB1B3821BD6CBDD00CD474D /* PegasosClassifier.swift in Sources */ = {isa = PBXBuildFile; fileRef = 8CB1B3811BD6CBDD00CD474D /* PegasosClassifier.swift */; settings = {ASSET_TAGS = (); }; };
/* End PBXBuildFile section */

/* Begin PBXContainerItemProxy section */
		8C8916C91BCFED4D00A77184 /* PBXContainerItemProxy */ = {
			isa = PBXContainerItemProxy;
			containerPortal = 8C8916B41BCFED4C00A77184 /* Project object */;
			proxyType = 1;
			remoteGlobalIDString = 8C8916BC1BCFED4C00A77184;
			remoteInfo = SwiftLearning;
		};
/* End PBXContainerItemProxy section */

/* Begin PBXFileReference section */
		8C15BDD31BD06F8100C595BA /* Instance.swift */ = {isa = PBXFileReference; fileEncoding = 4; lastKnownFileType = sourcecode.swift; path = Instance.swift; sourceTree = "<group>"; };
		8C15BDD51BD070E400C595BA /* InstanceTests.swift */ = {isa = PBXFileReference; fileEncoding = 4; lastKnownFileType = sourcecode.swift; path = InstanceTests.swift; sourceTree = "<group>"; };
		8C15BDD71BD0720600C595BA /* Classifier.swift */ = {isa = PBXFileReference; fileEncoding = 4; lastKnownFileType = sourcecode.swift; path = Classifier.swift; sourceTree = "<group>"; };
		8C15BDD91BD074C100C595BA /* MajorityClassifierTests.swift */ = {isa = PBXFileReference; fileEncoding = 4; lastKnownFileType = sourcecode.swift; path = MajorityClassifierTests.swift; sourceTree = "<group>"; };
		8C15BDDB1BD074EF00C595BA /* ClassifierBaseTest.swift */ = {isa = PBXFileReference; fileEncoding = 4; lastKnownFileType = sourcecode.swift; path = ClassifierBaseTest.swift; sourceTree = "<group>"; };
		8C15BDDE1BD078CD00C595BA /* DataReader.swift */ = {isa = PBXFileReference; fileEncoding = 4; lastKnownFileType = sourcecode.swift; path = DataReader.swift; sourceTree = "<group>"; };
		8C15BDE21BD07C0700C595BA /* speech.train */ = {isa = PBXFileReference; fileEncoding = 4; lastKnownFileType = text; path = speech.train; sourceTree = "<group>"; };
		8C2BD2191BCFEF94004E7302 /* MajorityClassifier.swift */ = {isa = PBXFileReference; fileEncoding = 4; lastKnownFileType = sourcecode.swift; path = MajorityClassifier.swift; sourceTree = "<group>"; };
		8C2BD21C1BCFF0F1004E7302 /* FeatureVector.swift */ = {isa = PBXFileReference; fileEncoding = 4; lastKnownFileType = sourcecode.swift; path = FeatureVector.swift; sourceTree = "<group>"; };
		8C2BD2201BCFF417004E7302 /* FeatureVectorTests.swift */ = {isa = PBXFileReference; fileEncoding = 4; lastKnownFileType = sourcecode.swift; path = FeatureVectorTests.swift; sourceTree = "<group>"; };
		8C5A2EE71BD537FB00E5A74A /* FeatureMapTests.swift */ = {isa = PBXFileReference; fileEncoding = 4; lastKnownFileType = sourcecode.swift; path = FeatureMapTests.swift; sourceTree = "<group>"; };
		8C8916BD1BCFED4C00A77184 /* SwiftLearning.framework */ = {isa = PBXFileReference; explicitFileType = wrapper.framework; includeInIndex = 0; path = SwiftLearning.framework; sourceTree = BUILT_PRODUCTS_DIR; };
		8C8916C01BCFED4C00A77184 /* SwiftLearning.h */ = {isa = PBXFileReference; lastKnownFileType = sourcecode.c.h; path = SwiftLearning.h; sourceTree = "<group>"; };
		8C8916C21BCFED4C00A77184 /* Info.plist */ = {isa = PBXFileReference; lastKnownFileType = text.plist.xml; path = Info.plist; sourceTree = "<group>"; };
		8C8916C71BCFED4D00A77184 /* SwiftLearningTests.xctest */ = {isa = PBXFileReference; explicitFileType = wrapper.cfbundle; includeInIndex = 0; path = SwiftLearningTests.xctest; sourceTree = BUILT_PRODUCTS_DIR; };
		8C8916CE1BCFED4D00A77184 /* Info.plist */ = {isa = PBXFileReference; lastKnownFileType = text.plist.xml; path = Info.plist; sourceTree = "<group>"; };
		8C9841F41BD08B1E0051CBEB /* AccuracyEvaluator.swift */ = {isa = PBXFileReference; fileEncoding = 4; lastKnownFileType = sourcecode.swift; path = AccuracyEvaluator.swift; sourceTree = "<group>"; };
		8C9841F61BD08C8B0051CBEB /* speech.test */ = {isa = PBXFileReference; fileEncoding = 4; lastKnownFileType = text; path = speech.test; sourceTree = "<group>"; };
		8C9841F81BD08EF40051CBEB /* EvenOddClassifier.swift */ = {isa = PBXFileReference; fileEncoding = 4; lastKnownFileType = sourcecode.swift; path = EvenOddClassifier.swift; sourceTree = "<group>"; };
		8C9842011BD184980051CBEB /* LogisticRegressionClassifier.swift */ = {isa = PBXFileReference; fileEncoding = 4; lastKnownFileType = sourcecode.swift; path = LogisticRegressionClassifier.swift; sourceTree = "<group>"; };
		8C9842031BD184D60051CBEB /* FeatureMap.swift */ = {isa = PBXFileReference; fileEncoding = 4; lastKnownFileType = sourcecode.swift; path = FeatureMap.swift; sourceTree = "<group>"; };
		8CB1B3811BD6CBDD00CD474D /* PegasosClassifier.swift */ = {isa = PBXFileReference; fileEncoding = 4; lastKnownFileType = sourcecode.swift; path = PegasosClassifier.swift; sourceTree = "<group>"; };
/* End PBXFileReference section */

/* Begin PBXFrameworksBuildPhase section */
		8C8916B91BCFED4C00A77184 /* Frameworks */ = {
			isa = PBXFrameworksBuildPhase;
			buildActionMask = 2147483647;
			files = (
			);
			runOnlyForDeploymentPostprocessing = 0;
		};
		8C8916C41BCFED4D00A77184 /* Frameworks */ = {
			isa = PBXFrameworksBuildPhase;
			buildActionMask = 2147483647;
			files = (
				8C8916C81BCFED4D00A77184 /* SwiftLearning.framework in Frameworks */,
			);
			runOnlyForDeploymentPostprocessing = 0;
		};
/* End PBXFrameworksBuildPhase section */

/* Begin PBXGroup section */
		8C15BDDD1BD0752B00C595BA /* ClassifierTests */ = {
			isa = PBXGroup;
			children = (
				8C15BDDB1BD074EF00C595BA /* ClassifierBaseTest.swift */,
				8C15BDD91BD074C100C595BA /* MajorityClassifierTests.swift */,
			);
			name = ClassifierTests;
			sourceTree = "<group>";
		};
		8C2BD21B1BCFF00F004E7302 /* Classifiers */ = {
			isa = PBXGroup;
			children = (
				8C15BDD71BD0720600C595BA /* Classifier.swift */,
				8C2BD2191BCFEF94004E7302 /* MajorityClassifier.swift */,
				8C9841F81BD08EF40051CBEB /* EvenOddClassifier.swift */,
				8C9842011BD184980051CBEB /* LogisticRegressionClassifier.swift */,
				8CB1B3811BD6CBDD00CD474D /* PegasosClassifier.swift */,
			);
			name = Classifiers;
			sourceTree = "<group>";
		};
		8C8916B31BCFED4C00A77184 = {
			isa = PBXGroup;
			children = (
				8C8916BF1BCFED4C00A77184 /* SwiftLearning */,
				8C8916CB1BCFED4D00A77184 /* SwiftLearningTests */,
				8C8916BE1BCFED4C00A77184 /* Products */,
			);
			sourceTree = "<group>";
		};
		8C8916BE1BCFED4C00A77184 /* Products */ = {
			isa = PBXGroup;
			children = (
				8C8916BD1BCFED4C00A77184 /* SwiftLearning.framework */,
				8C8916C71BCFED4D00A77184 /* SwiftLearningTests.xctest */,
			);
			name = Products;
			sourceTree = "<group>";
		};
		8C8916BF1BCFED4C00A77184 /* SwiftLearning */ = {
			isa = PBXGroup;
			children = (
				8C8916C01BCFED4C00A77184 /* SwiftLearning.h */,
				8C9841FF1BD152080051CBEB /* Data Structures */,
				8C9842001BD1521D0051CBEB /* Utilities */,
				8C2BD21B1BCFF00F004E7302 /* Classifiers */,
				8C8916C21BCFED4C00A77184 /* Info.plist */,
				8C9841FE1BD151F40051CBEB /* Speech */,
			);
			path = SwiftLearning;
			sourceTree = "<group>";
		};
		8C8916CB1BCFED4D00A77184 /* SwiftLearningTests */ = {
			isa = PBXGroup;
			children = (
				8C2BD2201BCFF417004E7302 /* FeatureVectorTests.swift */,
				8C5A2EE71BD537FB00E5A74A /* FeatureMapTests.swift */,
				8C15BDD51BD070E400C595BA /* InstanceTests.swift */,
				8C15BDDD1BD0752B00C595BA /* ClassifierTests */,
				8C8916CE1BCFED4D00A77184 /* Info.plist */,
			);
			path = SwiftLearningTests;
			sourceTree = "<group>";
		};
		8C9841FE1BD151F40051CBEB /* Speech */ = {
			isa = PBXGroup;
			children = (
				8C15BDE21BD07C0700C595BA /* speech.train */,
				8C9841F61BD08C8B0051CBEB /* speech.test */,
			);
			name = Speech;
			sourceTree = "<group>";
		};
		8C9841FF1BD152080051CBEB /* Data Structures */ = {
			isa = PBXGroup;
			children = (
				8C2BD21C1BCFF0F1004E7302 /* FeatureVector.swift */,
				8C9842031BD184D60051CBEB /* FeatureMap.swift */,
				8C15BDD31BD06F8100C595BA /* Instance.swift */,
			);
			name = "Data Structures";
			sourceTree = "<group>";
		};
		8C9842001BD1521D0051CBEB /* Utilities */ = {
			isa = PBXGroup;
			children = (
				8C15BDDE1BD078CD00C595BA /* DataReader.swift */,
				8C9841F41BD08B1E0051CBEB /* AccuracyEvaluator.swift */,
			);
			name = Utilities;
			sourceTree = "<group>";
		};
/* End PBXGroup section */

/* Begin PBXHeadersBuildPhase section */
		8C8916BA1BCFED4C00A77184 /* Headers */ = {
			isa = PBXHeadersBuildPhase;
			buildActionMask = 2147483647;
			files = (
				8C8916C11BCFED4C00A77184 /* SwiftLearning.h in Headers */,
			);
			runOnlyForDeploymentPostprocessing = 0;
		};
/* End PBXHeadersBuildPhase section */

/* Begin PBXNativeTarget section */
		8C8916BC1BCFED4C00A77184 /* SwiftLearning */ = {
			isa = PBXNativeTarget;
			buildConfigurationList = 8C8916D11BCFED4D00A77184 /* Build configuration list for PBXNativeTarget "SwiftLearning" */;
			buildPhases = (
				8C8916B81BCFED4C00A77184 /* Sources */,
				8C8916B91BCFED4C00A77184 /* Frameworks */,
				8C8916BA1BCFED4C00A77184 /* Headers */,
				8C8916BB1BCFED4C00A77184 /* Resources */,
			);
			buildRules = (
			);
			dependencies = (
			);
			name = SwiftLearning;
			productName = SwiftLearning;
			productReference = 8C8916BD1BCFED4C00A77184 /* SwiftLearning.framework */;
			productType = "com.apple.product-type.framework";
		};
		8C8916C61BCFED4D00A77184 /* SwiftLearningTests */ = {
			isa = PBXNativeTarget;
			buildConfigurationList = 8C8916D41BCFED4D00A77184 /* Build configuration list for PBXNativeTarget "SwiftLearningTests" */;
			buildPhases = (
				8C8916C31BCFED4D00A77184 /* Sources */,
				8C8916C41BCFED4D00A77184 /* Frameworks */,
				8C8916C51BCFED4D00A77184 /* Resources */,
			);
			buildRules = (
			);
			dependencies = (
				8C8916CA1BCFED4D00A77184 /* PBXTargetDependency */,
			);
			name = SwiftLearningTests;
			productName = SwiftLearningTests;
			productReference = 8C8916C71BCFED4D00A77184 /* SwiftLearningTests.xctest */;
			productType = "com.apple.product-type.bundle.unit-test";
		};
/* End PBXNativeTarget section */

/* Begin PBXProject section */
		8C8916B41BCFED4C00A77184 /* Project object */ = {
			isa = PBXProject;
			attributes = {
				LastSwiftUpdateCheck = 0700;
				LastUpgradeCheck = 0700;
				ORGANIZATIONNAME = "Clayton Minicus";
				TargetAttributes = {
					8C8916BC1BCFED4C00A77184 = {
						CreatedOnToolsVersion = 7.0.1;
					};
					8C8916C61BCFED4D00A77184 = {
						CreatedOnToolsVersion = 7.0.1;
					};
				};
			};
			buildConfigurationList = 8C8916B71BCFED4C00A77184 /* Build configuration list for PBXProject "SwiftLearning" */;
			compatibilityVersion = "Xcode 3.2";
			developmentRegion = English;
			hasScannedForEncodings = 0;
			knownRegions = (
				en,
			);
			mainGroup = 8C8916B31BCFED4C00A77184;
			productRefGroup = 8C8916BE1BCFED4C00A77184 /* Products */;
			projectDirPath = "";
			projectRoot = "";
			targets = (
				8C8916BC1BCFED4C00A77184 /* SwiftLearning */,
				8C8916C61BCFED4D00A77184 /* SwiftLearningTests */,
			);
		};
/* End PBXProject section */

/* Begin PBXResourcesBuildPhase section */
		8C8916BB1BCFED4C00A77184 /* Resources */ = {
			isa = PBXResourcesBuildPhase;
			buildActionMask = 2147483647;
			files = (
				8C15BDE31BD07C0700C595BA /* speech.train in Resources */,
				8C9841F71BD08C8B0051CBEB /* speech.test in Resources */,
			);
			runOnlyForDeploymentPostprocessing = 0;
		};
		8C8916C51BCFED4D00A77184 /* Resources */ = {
			isa = PBXResourcesBuildPhase;
			buildActionMask = 2147483647;
			files = (
			);
			runOnlyForDeploymentPostprocessing = 0;
		};
/* End PBXResourcesBuildPhase section */

/* Begin PBXSourcesBuildPhase section */
		8C8916B81BCFED4C00A77184 /* Sources */ = {
			isa = PBXSourcesBuildPhase;
			buildActionMask = 2147483647;
			files = (
				8C9841F91BD08EF40051CBEB /* EvenOddClassifier.swift in Sources */,
				8C15BDD81BD0720600C595BA /* Classifier.swift in Sources */,
				8C15BDDF1BD078CD00C595BA /* DataReader.swift in Sources */,
				8CB1B3821BD6CBDD00CD474D /* PegasosClassifier.swift in Sources */,
				8C9842041BD184D60051CBEB /* FeatureMap.swift in Sources */,
				8C2BD21D1BCFF0F1004E7302 /* FeatureVector.swift in Sources */,
				8C2BD21A1BCFEF94004E7302 /* MajorityClassifier.swift in Sources */,
				8C9842021BD184980051CBEB /* LogisticRegressionClassifier.swift in Sources */,
				8C9841F51BD08B1E0051CBEB /* AccuracyEvaluator.swift in Sources */,
				8C15BDD41BD06F8100C595BA /* Instance.swift in Sources */,
			);
			runOnlyForDeploymentPostprocessing = 0;
		};
		8C8916C31BCFED4D00A77184 /* Sources */ = {
			isa = PBXSourcesBuildPhase;
			buildActionMask = 2147483647;
			files = (
				8C5A2EE81BD537FB00E5A74A /* FeatureMapTests.swift in Sources */,
				8C15BDDC1BD074EF00C595BA /* ClassifierBaseTest.swift in Sources */,
				8C15BDD61BD070E400C595BA /* InstanceTests.swift in Sources */,
				8C2BD2211BCFF417004E7302 /* FeatureVectorTests.swift in Sources */,
				8C15BDDA1BD074C100C595BA /* MajorityClassifierTests.swift in Sources */,
			);
			runOnlyForDeploymentPostprocessing = 0;
		};
/* End PBXSourcesBuildPhase section */

/* Begin PBXTargetDependency section */
		8C8916CA1BCFED4D00A77184 /* PBXTargetDependency */ = {
			isa = PBXTargetDependency;
			target = 8C8916BC1BCFED4C00A77184 /* SwiftLearning */;
			targetProxy = 8C8916C91BCFED4D00A77184 /* PBXContainerItemProxy */;
		};
/* End PBXTargetDependency section */

/* Begin XCBuildConfiguration section */
		8C8916CF1BCFED4D00A77184 /* Debug */ = {
			isa = XCBuildConfiguration;
			buildSettings = {
				ALWAYS_SEARCH_USER_PATHS = NO;
				CLANG_CXX_LANGUAGE_STANDARD = "gnu++0x";
				CLANG_CXX_LIBRARY = "libc++";
				CLANG_ENABLE_MODULES = YES;
				CLANG_ENABLE_OBJC_ARC = YES;
				CLANG_WARN_BOOL_CONVERSION = YES;
				CLANG_WARN_CONSTANT_CONVERSION = YES;
				CLANG_WARN_DIRECT_OBJC_ISA_USAGE = YES_ERROR;
				CLANG_WARN_EMPTY_BODY = YES;
				CLANG_WARN_ENUM_CONVERSION = YES;
				CLANG_WARN_INT_CONVERSION = YES;
				CLANG_WARN_OBJC_ROOT_CLASS = YES_ERROR;
				CLANG_WARN_UNREACHABLE_CODE = YES;
				CLANG_WARN__DUPLICATE_METHOD_MATCH = YES;
				"CODE_SIGN_IDENTITY[sdk=iphoneos*]" = "iPhone Developer";
				COPY_PHASE_STRIP = NO;
				CURRENT_PROJECT_VERSION = 1;
				DEBUG_INFORMATION_FORMAT = dwarf;
				ENABLE_STRICT_OBJC_MSGSEND = YES;
				ENABLE_TESTABILITY = YES;
				GCC_C_LANGUAGE_STANDARD = gnu99;
				GCC_DYNAMIC_NO_PIC = NO;
				GCC_NO_COMMON_BLOCKS = YES;
				GCC_OPTIMIZATION_LEVEL = 0;
				GCC_PREPROCESSOR_DEFINITIONS = (
					"DEBUG=1",
					"$(inherited)",
				);
				GCC_WARN_64_TO_32_BIT_CONVERSION = YES;
				GCC_WARN_ABOUT_RETURN_TYPE = YES_ERROR;
				GCC_WARN_UNDECLARED_SELECTOR = YES;
				GCC_WARN_UNINITIALIZED_AUTOS = YES_AGGRESSIVE;
				GCC_WARN_UNUSED_FUNCTION = YES;
				GCC_WARN_UNUSED_VARIABLE = YES;
				IPHONEOS_DEPLOYMENT_TARGET = 9.0;
				MTL_ENABLE_DEBUG_INFO = YES;
				ONLY_ACTIVE_ARCH = YES;
				SDKROOT = iphoneos;
				SWIFT_OPTIMIZATION_LEVEL = "-Onone";
				TARGETED_DEVICE_FAMILY = "1,2";
				VERSIONING_SYSTEM = "apple-generic";
				VERSION_INFO_PREFIX = "";
			};
			name = Debug;
		};
		8C8916D01BCFED4D00A77184 /* Release */ = {
			isa = XCBuildConfiguration;
			buildSettings = {
				ALWAYS_SEARCH_USER_PATHS = NO;
				CLANG_CXX_LANGUAGE_STANDARD = "gnu++0x";
				CLANG_CXX_LIBRARY = "libc++";
				CLANG_ENABLE_MODULES = YES;
				CLANG_ENABLE_OBJC_ARC = YES;
				CLANG_WARN_BOOL_CONVERSION = YES;
				CLANG_WARN_CONSTANT_CONVERSION = YES;
				CLANG_WARN_DIRECT_OBJC_ISA_USAGE = YES_ERROR;
				CLANG_WARN_EMPTY_BODY = YES;
				CLANG_WARN_ENUM_CONVERSION = YES;
				CLANG_WARN_INT_CONVERSION = YES;
				CLANG_WARN_OBJC_ROOT_CLASS = YES_ERROR;
				CLANG_WARN_UNREACHABLE_CODE = YES;
				CLANG_WARN__DUPLICATE_METHOD_MATCH = YES;
				"CODE_SIGN_IDENTITY[sdk=iphoneos*]" = "iPhone Developer";
				COPY_PHASE_STRIP = NO;
				CURRENT_PROJECT_VERSION = 1;
				DEBUG_INFORMATION_FORMAT = "dwarf-with-dsym";
				ENABLE_NS_ASSERTIONS = NO;
				ENABLE_STRICT_OBJC_MSGSEND = YES;
				GCC_C_LANGUAGE_STANDARD = gnu99;
				GCC_NO_COMMON_BLOCKS = YES;
				GCC_WARN_64_TO_32_BIT_CONVERSION = YES;
				GCC_WARN_ABOUT_RETURN_TYPE = YES_ERROR;
				GCC_WARN_UNDECLARED_SELECTOR = YES;
				GCC_WARN_UNINITIALIZED_AUTOS = YES_AGGRESSIVE;
				GCC_WARN_UNUSED_FUNCTION = YES;
				GCC_WARN_UNUSED_VARIABLE = YES;
				IPHONEOS_DEPLOYMENT_TARGET = 9.0;
				MTL_ENABLE_DEBUG_INFO = NO;
				SDKROOT = iphoneos;
				TARGETED_DEVICE_FAMILY = "1,2";
				VALIDATE_PRODUCT = YES;
				VERSIONING_SYSTEM = "apple-generic";
				VERSION_INFO_PREFIX = "";
			};
			name = Release;
		};
		8C8916D21BCFED4D00A77184 /* Debug */ = {
			isa = XCBuildConfiguration;
			buildSettings = {
				CLANG_ENABLE_MODULES = YES;
				DEFINES_MODULE = YES;
				DYLIB_COMPATIBILITY_VERSION = 1;
				DYLIB_CURRENT_VERSION = 1;
				DYLIB_INSTALL_NAME_BASE = "@rpath";
				INFOPLIST_FILE = SwiftLearning/Info.plist;
				INSTALL_PATH = "$(LOCAL_LIBRARY_DIR)/Frameworks";
				LD_RUNPATH_SEARCH_PATHS = "$(inherited) @executable_path/Frameworks @loader_path/Frameworks";
				OTHER_SWIFT_FLAGS = "-O";
				PRODUCT_BUNDLE_IDENTIFIER = com.claytonminicus.SwiftLearning;
				PRODUCT_NAME = "$(TARGET_NAME)";
				SKIP_INSTALL = YES;
				SWIFT_OPTIMIZATION_LEVEL = "-Onone";
			};
			name = Debug;
		};
		8C8916D31BCFED4D00A77184 /* Release */ = {
			isa = XCBuildConfiguration;
			buildSettings = {
				CLANG_ENABLE_MODULES = YES;
				DEFINES_MODULE = YES;
				DYLIB_COMPATIBILITY_VERSION = 1;
				DYLIB_CURRENT_VERSION = 1;
				DYLIB_INSTALL_NAME_BASE = "@rpath";
				INFOPLIST_FILE = SwiftLearning/Info.plist;
				INSTALL_PATH = "$(LOCAL_LIBRARY_DIR)/Frameworks";
				LD_RUNPATH_SEARCH_PATHS = "$(inherited) @executable_path/Frameworks @loader_path/Frameworks";
				OTHER_SWIFT_FLAGS = "-O";
				PRODUCT_BUNDLE_IDENTIFIER = com.claytonminicus.SwiftLearning;
				PRODUCT_NAME = "$(TARGET_NAME)";
				SKIP_INSTALL = YES;
			};
			name = Release;
		};
		8C8916D51BCFED4D00A77184 /* Debug */ = {
			isa = XCBuildConfiguration;
			buildSettings = {
				INFOPLIST_FILE = SwiftLearningTests/Info.plist;
				LD_RUNPATH_SEARCH_PATHS = "$(inherited) @executable_path/Frameworks @loader_path/Frameworks";
				PRODUCT_BUNDLE_IDENTIFIER = com.claytonminicus.SwiftLearningTests;
				PRODUCT_NAME = "$(TARGET_NAME)";
			};
			name = Debug;
		};
		8C8916D61BCFED4D00A77184 /* Release */ = {
			isa = XCBuildConfiguration;
			buildSettings = {
				INFOPLIST_FILE = SwiftLearningTests/Info.plist;
				LD_RUNPATH_SEARCH_PATHS = "$(inherited) @executable_path/Frameworks @loader_path/Frameworks";
				PRODUCT_BUNDLE_IDENTIFIER = com.claytonminicus.SwiftLearningTests;
				PRODUCT_NAME = "$(TARGET_NAME)";
			};
			name = Release;
		};
/* End XCBuildConfiguration section */

/* Begin XCConfigurationList section */
		8C8916B71BCFED4C00A77184 /* Build configuration list for PBXProject "SwiftLearning" */ = {
			isa = XCConfigurationList;
			buildConfigurations = (
				8C8916CF1BCFED4D00A77184 /* Debug */,
				8C8916D01BCFED4D00A77184 /* Release */,
			);
			defaultConfigurationIsVisible = 0;
			defaultConfigurationName = Release;
		};
		8C8916D11BCFED4D00A77184 /* Build configuration list for PBXNativeTarget "SwiftLearning" */ = {
			isa = XCConfigurationList;
			buildConfigurations = (
				8C8916D21BCFED4D00A77184 /* Debug */,
				8C8916D31BCFED4D00A77184 /* Release */,
			);
			defaultConfigurationIsVisible = 0;
			defaultConfigurationName = Release;
		};
		8C8916D41BCFED4D00A77184 /* Build configuration list for PBXNativeTarget "SwiftLearningTests" */ = {
			isa = XCConfigurationList;
			buildConfigurations = (
				8C8916D51BCFED4D00A77184 /* Debug */,
				8C8916D61BCFED4D00A77184 /* Release */,
			);
			defaultConfigurationIsVisible = 0;
			defaultConfigurationName = Release;
		};
/* End XCConfigurationList section */
	};
	rootObject = 8C8916B41BCFED4C00A77184 /* Project object */;
}
